;;;;;;;;;;;;;;;;;;;;;;;;;;;;;;;;;;;;;;;;;;;;;;;;;;;;;;;;;;;;;;;;;;;;;;;;;;;;;;;;
;; This is autogenerated by CLPM. Do not edit by hand.
;;;;;;;;;;;;;;;;;;;;;;;;;;;;;;;;;;;;;;;;;;;;;;;;;;;;;;;;;;;;;;;;;;;;;;;;;;;;;;;;

(:api-version "0.3")

;;;;;;;;;;;;;;;;;;;;;;;;;;;;;;;;;;;;;;;;;;;;;;;;;;;;;;;;;;;;;;;;;;;;;;;;;;;;;;;;
;; BEGIN SOURCES
;;;;;;;;;;;;;;;;;;;;;;;;;;;;;;;;;;;;;;;;;;;;;;;;;;;;;;;;;;;;;;;;;;;;;;;;;;;;;;;;

:sources
(:implicit-file :type :file-system :system-files ("aws-sdk-cl.asd"))
(:implicit-vcs :type :vcs :projects nil)
("quicklisp" :url "https://quicklisp.common-lisp-project-index.org/" :type
 :ql-clpi)


;;;;;;;;;;;;;;;;;;;;;;;;;;;;;;;;;;;;;;;;;;;;;;;;;;;;;;;;;;;;;;;;;;;;;;;;;;;;;;;;
;; BEGIN REQUIREMENTS
;;;;;;;;;;;;;;;;;;;;;;;;;;;;;;;;;;;;;;;;;;;;;;;;;;;;;;;;;;;;;;;;;;;;;;;;;;;;;;;;

:requirements
(:asd-file :name "aws-sdk-cl.asd")


;;;;;;;;;;;;;;;;;;;;;;;;;;;;;;;;;;;;;;;;;;;;;;;;;;;;;;;;;;;;;;;;;;;;;;;;;;;;;;;;
;; BEGIN RELEASES
;;;;;;;;;;;;;;;;;;;;;;;;;;;;;;;;;;;;;;;;;;;;;;;;;;;;;;;;;;;;;;;;;;;;;;;;;;;;;;;;

:releases
("alexandria" :version "2020-09-25" :source "quicklisp" :systems ("alexandria"))
("anaphora" :version "2021-01-24" :source "quicklisp" :systems ("anaphora"))
("architecture.builder-protocol" :version "2021-01-24" :source "quicklisp"
 :systems ("architecture.builder-protocol"))
("assoc-utils" :version "2020-02-18" :source "quicklisp" :systems
 ("assoc-utils"))
("aws-sdk-cl.asd" :version :newest :source :implicit-file :systems
 ("aws-sdk-cl" "aws-sdk-cl/api" "aws-sdk-cl/credentials"
  "aws-sdk-cl/credentials/assume-role" "aws-sdk-cl/credentials/base"
  "aws-sdk-cl/credentials/ec2role" "aws-sdk-cl/credentials/env"
  "aws-sdk-cl/credentials/shared" "aws-sdk-cl/ec2metadata"
  "aws-sdk-cl/generator" "aws-sdk-cl/generator/operation"
  "aws-sdk-cl/generator/service" "aws-sdk-cl/generator/shape" "aws-sdk-cl/main"
  "aws-sdk-cl/make-session" "aws-sdk-cl/services/sts" "aws-sdk-cl/session"
  "aws-sdk-cl/shared-config" "aws-sdk-cl/utils" "aws-sdk-cl/utils/config"))
("aws-sign4" :version "2020-12-20" :source "quicklisp" :systems ("aws-sign4"))
("babel" :version "2020-09-25" :source "quicklisp" :systems ("babel"))
("bordeaux-threads" :version "2020-06-10" :source "quicklisp" :systems
 ("bordeaux-threads"))
("cffi" :version "2020-07-15" :source "quicklisp" :systems
 ("cffi" "cffi-grovel" "cffi-toolchain"))
("chipz" :version "2019-02-02" :source "quicklisp" :systems ("chipz"))
("chunga" :version "2020-04-27" :source "quicklisp" :systems ("chunga"))
("cl+ssl" :version "2021-02-28" :source "quicklisp" :systems ("cl+ssl"))
("cl-base64" :version "2020-10-16" :source "quicklisp" :systems ("cl-base64"))
("cl-cookie" :version "2019-10-07" :source "quicklisp" :systems ("cl-cookie"))
("cl-interpol" :version "2020-12-20" :source "quicklisp" :systems
 ("cl-interpol"))
("cl-ppcre" :version "2019-05-21" :source "quicklisp" :systems ("cl-ppcre"))
("cl-reexport" :version "2021-02-28" :source "quicklisp" :systems
 ("cl-reexport"))
("cl-unicode" :version "2021-02-28" :source "quicklisp" :systems ("cl-unicode"))
("cl-utilities" :version "2010-10-07" :source "quicklisp" :systems
 ("cl-utilities"))
("closer-mop" :version "2021-02-28" :source "quicklisp" :systems ("closer-mop"))
("dexador" :version "2021-02-28" :source "quicklisp" :systems ("dexador"))
("esrap" :version "2020-12-20" :source "quicklisp" :systems ("esrap"))
("fast-http" :version "2019-10-07" :source "quicklisp" :systems ("fast-http"))
("fast-io" :version "2020-09-25" :source "quicklisp" :systems ("fast-io"))
("flexi-streams" :version "2020-09-25" :source "quicklisp" :systems
 ("flexi-streams"))
("ironclad" :version "2021-01-24" :source "quicklisp" :systems ("ironclad"))
("kebab" :version "2015-06-08" :source "quicklisp" :systems ("kebab"))
("let-plus" :version "2019-11-30" :source "quicklisp" :systems ("let-plus"))
("local-time" :version "2021-01-24" :source "quicklisp" :systems ("local-time"))
("more-conditions" :version "2018-08-31" :source "quicklisp" :systems
 ("more-conditions"))
("named-readtables" :version "2021-01-24" :source "quicklisp" :systems
 ("named-readtables"))
("parser.common-rules" :version "2020-07-15" :source "quicklisp" :systems
 ("parser.common-rules"))
("parser.ini" :version "2018-10-18" :source "quicklisp" :systems ("parser.ini"))
("proc-parse" :version "2019-08-13" :source "quicklisp" :systems ("proc-parse"))
("quri" :version "2021-02-28" :source "quicklisp" :systems ("quri"))
("secret-values" :version "2020-12-20" :source "quicklisp" :systems
 ("secret-values"))
("smart-buffer" :version "2016-06-28" :source "quicklisp" :systems
 ("smart-buffer"))
("split-sequence" :version "2019-05-21" :source "quicklisp" :systems
 ("split-sequence"))
("static-vectors" :version "2020-06-10" :source "quicklisp" :systems
 ("static-vectors"))
("trivial-features" :version "2021-02-28" :source "quicklisp" :systems
 ("trivial-features"))
("trivial-garbage" :version "2020-09-25" :source "quicklisp" :systems
 ("trivial-garbage"))
("trivial-gray-streams" :version "2021-01-24" :source "quicklisp" :systems
 ("trivial-gray-streams"))
("trivial-mimes" :version "2020-07-15" :source "quicklisp" :systems
 ("trivial-mimes"))
("trivial-timeout" :version "2018-01-31" :source "quicklisp" :systems
 ("trivial-timeout"))
("trivial-types" :version "2012-04-07" :source "quicklisp" :systems
 ("trivial-types"))
("trivial-with-current-source-form" :version "2020-04-27" :source "quicklisp"
 :systems ("trivial-with-current-source-form"))
("usocket" :version "2019-12-27" :source "quicklisp" :systems ("usocket"))
("xmls" :version "2018-04-30" :source "quicklisp" :systems ("xmls"))
("xsubseq" :version "2017-08-30" :source "quicklisp" :systems ("xsubseq"))
("yason" :version "2019-12-27" :source "quicklisp" :systems ("yason"))


;;;;;;;;;;;;;;;;;;;;;;;;;;;;;;;;;;;;;;;;;;;;;;;;;;;;;;;;;;;;;;;;;;;;;;;;;;;;;;;;
;; BEGIN REVERSE-DEPENDENCIES
;;;;;;;;;;;;;;;;;;;;;;;;;;;;;;;;;;;;;;;;;;;;;;;;;;;;;;;;;;;;;;;;;;;;;;;;;;;;;;;;

:reverse-dependencies
("alexandria" ((:system :name "yason") (:system :name "alexandria"))
 ((:system :name "trivial-with-current-source-form")
  (:system :name "alexandria"))
 ((:system :name "static-vectors") (:system :name "alexandria"))
 ((:system :name "quri") (:system :name "alexandria"))
 ((:system :name "proc-parse") (:system :name "alexandria"))
 ((:system :name "parser.ini") (:system :name "alexandria"))
 ((:system :name "parser.common-rules") (:system :name "alexandria"))
 ((:system :name "more-conditions") (:system :name "alexandria"))
 ((:system :name "let-plus") (:system :name "alexandria"))
 ((:system :name "kebab") (:system :name "alexandria"))
 ((:system :name "fast-io") (:system :name "alexandria"))
 ((:system :name "fast-http") (:system :name "alexandria"))
 ((:system :name "esrap") (:system :name "alexandria"))
 ((:system :name "dexador") (:system :name "alexandria"))
 ((:system :name "cl-reexport") (:system :name "alexandria"))
 ((:system :name "cl-cookie") (:system :name "alexandria"))
 ((:system :name "cl+ssl") (:system :name "alexandria"))
 ((:system :name "cffi-grovel") (:system :name "alexandria"))
 ((:system :name "cffi") (:system :name "alexandria"))
 ((:system :name "bordeaux-threads") (:system :name "alexandria"))
 ((:system :name "babel") (:system :name "alexandria"))
 ((:system :name "aws-sdk-cl/generator/shape") (:system :name "alexandria"))
 ((:system :name "architecture.builder-protocol") (:system :name "alexandria")))

("anaphora" ((:system :name "let-plus") (:system :name "anaphora")))

("architecture.builder-protocol"
 ((:system :name "parser.ini") (:system :name "architecture.builder-protocol")))

("assoc-utils"
 ((:system :name "aws-sdk-cl/shared-config") (:system :name "assoc-utils"))
 ((:system :name "aws-sdk-cl/make-session") (:system :name "assoc-utils"))
 ((:system :name "aws-sdk-cl/generator/shape") (:system :name "assoc-utils"))
 ((:system :name "aws-sdk-cl/generator/operation")
  (:system :name "assoc-utils"))
 ((:system :name "aws-sdk-cl/credentials/shared")
  (:system :name "assoc-utils"))
 ((:system :name "aws-sdk-cl/credentials/assume-role")
  (:system :name "assoc-utils")))

("aws-sdk-cl.asd"
 ((:system :name "aws-sdk-cl/utils/config") (:system :name "aws-sdk-cl/utils"))
 ((:system :name "aws-sdk-cl/shared-config")
  (:system :name "aws-sdk-cl/credentials"))
 ((:system :name "aws-sdk-cl/shared-config")
  (:system :name "aws-sdk-cl/utils/config"))
 ((:system :name "aws-sdk-cl/session")
  (:system :name "aws-sdk-cl/credentials"))
 ((:system :name "aws-sdk-cl/services/sts")
  (:system :name "aws-sdk-cl/generator/shape"))
 ((:system :name "aws-sdk-cl/services/sts")
  (:system :name "aws-sdk-cl/generator/operation"))
 ((:system :name "aws-sdk-cl/services/sts") (:system :name "aws-sdk-cl/api"))
 ((:system :name "aws-sdk-cl/make-session")
  (:system :name "aws-sdk-cl/session"))
 ((:system :name "aws-sdk-cl/make-session")
  (:system :name "aws-sdk-cl/credentials"))
 ((:system :name "aws-sdk-cl/make-session")
  (:system :name "aws-sdk-cl/shared-config"))
 ((:system :name "aws-sdk-cl/make-session")
  (:system :name "aws-sdk-cl/credentials/assume-role"))
 ((:system :name "aws-sdk-cl/make-session")
  (:system :name "aws-sdk-cl/utils/config"))
 ((:system :name "aws-sdk-cl/make-session") (:system :name "aws-sdk-cl/utils"))
 ((:system :name "aws-sdk-cl/main") (:system :name "aws-sdk-cl/session"))
 ((:system :name "aws-sdk-cl/main") (:system :name "aws-sdk-cl/make-session"))
 ((:system :name "aws-sdk-cl/main") (:system :name "aws-sdk-cl/credentials"))
 ((:system :name "aws-sdk-cl/main") (:system :name "aws-sdk-cl/api"))
 ((:system :name "aws-sdk-cl/main") (:system :name "aws-sdk-cl/utils/config"))
 ((:system :name "aws-sdk-cl/generator/shape")
  (:system :name "aws-sdk-cl/utils"))
 ((:system :name "aws-sdk-cl/generator/service")
  (:system :name "aws-sdk-cl/generator/operation"))
 ((:system :name "aws-sdk-cl/generator/service")
  (:system :name "aws-sdk-cl/generator/shape"))
 ((:system :name "aws-sdk-cl/generator/service")
  (:system :name "aws-sdk-cl/utils"))
 ((:system :name "aws-sdk-cl/generator/operation")
  (:system :name "aws-sdk-cl/utils"))
 ((:system :name "aws-sdk-cl/generator/operation")
  (:system :name "aws-sdk-cl/generator/shape"))
 ((:system :name "aws-sdk-cl/generator/operation")
  (:system :name "aws-sdk-cl/api"))
 ((:system :name "aws-sdk-cl/generator")
  (:system :name "aws-sdk-cl/generator/shape"))
 ((:system :name "aws-sdk-cl/generator")
  (:system :name "aws-sdk-cl/generator/operation"))
 ((:system :name "aws-sdk-cl/generator")
  (:system :name "aws-sdk-cl/generator/service"))
 ((:system :name "aws-sdk-cl/credentials/shared")
  (:system :name "aws-sdk-cl/credentials/base"))
 ((:system :name "aws-sdk-cl/credentials/shared")
  (:system :name "aws-sdk-cl/utils/config"))
 ((:system :name "aws-sdk-cl/credentials/env")
  (:system :name "aws-sdk-cl/credentials/base"))
 ((:system :name "aws-sdk-cl/credentials/env")
  (:system :name "aws-sdk-cl/utils"))
 ((:system :name "aws-sdk-cl/credentials/ec2role")
  (:system :name "aws-sdk-cl/credentials/base"))
 ((:system :name "aws-sdk-cl/credentials/ec2role")
  (:system :name "aws-sdk-cl/ec2metadata"))
 ((:system :name "aws-sdk-cl/credentials/assume-role")
  (:system :name "aws-sdk-cl/credentials/base"))
 ((:system :name "aws-sdk-cl/credentials/assume-role")
  (:system :name "aws-sdk-cl/session"))
 ((:system :name "aws-sdk-cl/credentials/assume-role")
  (:system :name "aws-sdk-cl/services/sts"))
 ((:system :name "aws-sdk-cl/credentials")
  (:system :name "aws-sdk-cl/credentials/base"))
 ((:system :name "aws-sdk-cl/credentials")
  (:system :name "aws-sdk-cl/credentials/env"))
 ((:system :name "aws-sdk-cl/credentials")
  (:system :name "aws-sdk-cl/credentials/shared"))
 ((:system :name "aws-sdk-cl/credentials")
  (:system :name "aws-sdk-cl/credentials/ec2role"))
 ((:system :name "aws-sdk-cl/api") (:system :name "aws-sdk-cl/session"))
 ((:system :name "aws-sdk-cl/api") (:system :name "aws-sdk-cl/credentials"))
 ((:system :name "aws-sdk-cl") (:system :name "aws-sdk-cl/main"))
 (t (:asd-file :name "aws-sdk-cl.asd")))

("aws-sign4" ((:system :name "aws-sdk-cl/api") (:system :name "aws-sign4")))

("babel" ((:system :name "quri") (:system :name "babel"))
 ((:system :name "proc-parse") (:system :name "babel"))
 ((:system :name "fast-http") (:system :name "babel"))
 ((:system :name "dexador") (:system :name "babel"))
 ((:system :name "cffi") (:system :name "babel")))

("bordeaux-threads"
 ((:system :name "ironclad") (:system :name "bordeaux-threads"))
 ((:system :name "dexador") (:system :name "bordeaux-threads"))
 ((:system :name "cl+ssl") (:system :name "bordeaux-threads")))

("cffi" ((:system :name "static-vectors") (:system :name "cffi"))
 ((:system :name "static-vectors") (:system :name "cffi-grovel"))
 ((:system :name "cl+ssl") (:system :name "cffi"))
 ((:system :name "cffi-toolchain") (:system :name "cffi"))
 ((:system :name "cffi-grovel") (:system :name "cffi"))
 ((:system :name "cffi-grovel") (:system :name "cffi-toolchain")))

("chipz" ((:system :name "dexador") (:system :name "chipz")))

("chunga" ((:system :name "dexador") (:system :name "chunga")))

("cl+ssl" ((:system :name "dexador") (:system :name "cl+ssl")))

("cl-base64" ((:system :name "dexador") (:system :name "cl-base64")))

("cl-cookie" ((:system :name "dexador") (:system :name "cl-cookie")))

("cl-interpol" ((:system :name "kebab") (:system :name "cl-interpol")))

("cl-ppcre" ((:system :name "kebab") (:system :name "cl-ppcre"))
 ((:system :name "dexador") (:system :name "cl-ppcre"))
 ((:system :name "cl-unicode") (:system :name "cl-ppcre"))
 ((:system :name "cl-cookie") (:system :name "cl-ppcre"))
 ((:system :name "aws-sign4") (:system :name "cl-ppcre"))
 ((:system :name "aws-sdk-cl/credentials/ec2role") (:system :name "cl-ppcre")))

("cl-reexport" ((:system :name "dexador") (:system :name "cl-reexport")))

("cl-unicode" ((:system :name "cl-interpol") (:system :name "cl-unicode")))

("cl-utilities" ((:system :name "quri") (:system :name "cl-utilities"))
 ((:system :name "fast-http") (:system :name "cl-utilities")))

("closer-mop" ((:system :name "more-conditions") (:system :name "closer-mop")))

("dexador" ((:system :name "aws-sdk-cl/ec2metadata") (:system :name "dexador"))
 ((:system :name "aws-sdk-cl/api") (:system :name "dexador")))

("esrap" ((:system :name "parser.ini") (:system :name "esrap"))
 ((:system :name "parser.common-rules") (:system :name "esrap")))

("fast-http" ((:system :name "dexador") (:system :name "fast-http")))

("fast-io" ((:system :name "dexador") (:system :name "fast-io")))

("flexi-streams"
 ((:system :name "smart-buffer") (:system :name "flexi-streams"))
 ((:system :name "cl+ssl") (:system :name "flexi-streams"))
 ((:system :name "aws-sign4") (:system :name "flexi-streams")))

("ironclad" ((:system :name "aws-sign4") (:system :name "ironclad"))
 ((:system :name "aws-sdk-cl/utils") (:system :name "ironclad")))

("kebab" ((:system :name "aws-sdk-cl/utils") (:system :name "kebab")))

("let-plus" ((:system :name "parser.ini") (:system :name "let-plus"))
 ((:system :name "parser.common-rules") (:system :name "let-plus")))

("local-time" ((:system :name "cl-cookie") (:system :name "local-time"))
 ((:system :name "aws-sign4") (:system :name "local-time"))
 ((:system :name "aws-sdk-cl/credentials/ec2role")
  (:system :name "local-time"))
 ((:system :name "aws-sdk-cl/credentials/base") (:system :name "local-time"))
 ((:system :name "aws-sdk-cl/credentials/assume-role")
  (:system :name "local-time")))

("more-conditions"
 ((:system :name "parser.ini") (:system :name "more-conditions")))

("named-readtables"
 ((:system :name "cl-interpol") (:system :name "named-readtables")))

("parser.common-rules"
 ((:system :name "parser.ini") (:system :name "parser.common-rules")))

("parser.ini"
 ((:system :name "aws-sdk-cl/utils/config") (:system :name "parser.ini")))

("proc-parse" ((:system :name "fast-http") (:system :name "proc-parse"))
 ((:system :name "cl-cookie") (:system :name "proc-parse")))

("quri" ((:system :name "dexador") (:system :name "quri"))
 ((:system :name "cl-cookie") (:system :name "quri"))
 ((:system :name "aws-sdk-cl/api") (:system :name "quri")))

("secret-values" ((:system :name "aws-sign4") (:system :name "secret-values")))

("smart-buffer" ((:system :name "fast-http") (:system :name "smart-buffer")))

("split-sequence" ((:system :name "usocket") (:system :name "split-sequence"))
 ((:system :name "quri") (:system :name "split-sequence"))
 ((:system :name "parser.common-rules") (:system :name "split-sequence"))
 ((:system :name "kebab") (:system :name "split-sequence"))
 ((:system :name "aws-sign4") (:system :name "split-sequence")))

("static-vectors" ((:system :name "fast-io") (:system :name "static-vectors")))

("trivial-features"
 ((:system :name "dexador") (:system :name "trivial-features"))
 ((:system :name "cl+ssl") (:system :name "trivial-features"))
 ((:system :name "cffi") (:system :name "trivial-features"))
 ((:system :name "babel") (:system :name "trivial-features")))

("trivial-garbage" ((:system :name "cl+ssl") (:system :name "trivial-garbage")))

("trivial-gray-streams"
 ((:system :name "yason") (:system :name "trivial-gray-streams"))
 ((:system :name "flexi-streams") (:system :name "trivial-gray-streams"))
 ((:system :name "fast-io") (:system :name "trivial-gray-streams"))
 ((:system :name "dexador") (:system :name "trivial-gray-streams"))
 ((:system :name "cl+ssl") (:system :name "trivial-gray-streams"))
 ((:system :name "chunga") (:system :name "trivial-gray-streams")))

("trivial-mimes" ((:system :name "dexador") (:system :name "trivial-mimes")))

("trivial-timeout"
 ((:system :name "aws-sdk-cl/ec2metadata") (:system :name "trivial-timeout"))
 ((:system :name "aws-sdk-cl/credentials/ec2role")
  (:system :name "trivial-timeout")))

("trivial-types"
 ((:system :name "aws-sdk-cl/generator/shape") (:system :name "trivial-types")))

("trivial-with-current-source-form"
 ((:system :name "esrap") (:system :name "trivial-with-current-source-form")))

("usocket" ((:system :name "dexador") (:system :name "usocket"))
 ((:system :name "cl+ssl") (:system :name "usocket")))

("xmls"
 ((:system :name "aws-sdk-cl/generator/operation") (:system :name "xmls")))

("xsubseq" ((:system :name "smart-buffer") (:system :name "xsubseq"))
 ((:system :name "fast-http") (:system :name "xsubseq")))

("yason"
 ((:system :name "aws-sdk-cl/generator/service") (:system :name "yason"))
 ((:system :name "aws-sdk-cl/credentials/ec2role") (:system :name "yason")))

